
Microsoft Visual Studio Solution File, Format Version 11.00
# Visual Studio 2010
Project("{FAE04EC0-301F-11D3-BF4B-00C04F79EFBC}") = "NewPropose", "NewPropose\NewPropose.csproj", "{F9A53C6D-AAB6-463A-96AF-36DD13379FC8}"
EndProject
Project("{FAE04EC0-301F-11D3-BF4B-00C04F79EFBC}") = "NewProposeTest", "NewProposeTest\NewProposeTest.csproj", "{A98A1C42-5EE9-40D8-872A-DAD1833A2D31}"
EndProject
Project("{FAE04EC0-301F-11D3-BF4B-00C04F79EFBC}") = "NewProposeIntegrationTest", "NewProposeIntegrationTest\NewProposeIntegrationTest.csproj", "{7B6F6B47-55E1-4814-A51F-9D9CC96FB5B5}"
EndProject
Global
	GlobalSection(SolutionConfigurationPlatforms) = preSolution
		Debug|Any CPU = Debug|Any CPU
		Release|Any CPU = Release|Any CPU
	EndGlobalSection
	GlobalSection(ProjectConfigurationPlatforms) = postSolution
		{F9A53C6D-AAB6-463A-96AF-36DD13379FC8}.Debug|Any CPU.ActiveCfg = Debug|Any CPU
		{F9A53C6D-AAB6-463A-96AF-36DD13379FC8}.Debug|Any CPU.Build.0 = Debug|Any CPU
		{F9A53C6D-AAB6-463A-96AF-36DD13379FC8}.Release|Any CPU.ActiveCfg = Release|Any CPU
		{F9A53C6D-AAB6-463A-96AF-36DD13379FC8}.Release|Any CPU.Build.0 = Release|Any CPU
		{A98A1C42-5EE9-40D8-872A-DAD1833A2D31}.Debug|Any CPU.ActiveCfg = Debug|Any CPU
		{A98A1C42-5EE9-40D8-872A-DAD1833A2D31}.Debug|Any CPU.Build.0 = Debug|Any CPU
		{A98A1C42-5EE9-40D8-872A-DAD1833A2D31}.Release|Any CPU.ActiveCfg = Release|Any CPU
		{A98A1C42-5EE9-40D8-872A-DAD1833A2D31}.Release|Any CPU.Build.0 = Release|Any CPU
		{7B6F6B47-55E1-4814-A51F-9D9CC96FB5B5}.Debug|Any CPU.ActiveCfg = Debug|Any CPU
		{7B6F6B47-55E1-4814-A51F-9D9CC96FB5B5}.Debug|Any CPU.Build.0 = Debug|Any CPU
		{7B6F6B47-55E1-4814-A51F-9D9CC96FB5B5}.Release|Any CPU.ActiveCfg = Release|Any CPU
		{7B6F6B47-55E1-4814-A51F-9D9CC96FB5B5}.Release|Any CPU.Build.0 = Release|Any CPU
	EndGlobalSection
	GlobalSection(SolutionProperties) = preSolution
		HideSolutionNode = FALSE
	EndGlobalSection
EndGlobal
